
Microsoft Visual Studio Solution File, Format Version 12.00
# Visual Studio 15
VisualStudioVersion = 15.0.28010.2046
MinimumVisualStudioVersion = 10.0.40219.1
Project("{FAE04EC0-301F-11D3-BF4B-00C04F79EFBC}") = "PortsisSip.Android", "PortsisSip\PortsisSip.Android\PortsisSip.Android.csproj", "{BC7C62E6-7714-45F7-90D3-0EC5B3B16BFC}"
EndProject
Project("{FAE04EC0-301F-11D3-BF4B-00C04F79EFBC}") = "PortsisSip.iOS", "PortsisSip\PortsisSip.iOS\PortsisSip.iOS.csproj", "{1235C430-E6D3-4A3E-9DD6-E110D34AA489}"
EndProject
Project("{FAE04EC0-301F-11D3-BF4B-00C04F79EFBC}") = "PortsisSip", "PortsisSip\PortsisSip\PortsisSip.csproj", "{A1A42F7D-A961-4F99-A82F-A1014C88DBFC}"
EndProject
Global
	GlobalSection(SolutionConfigurationPlatforms) = preSolution
		Ad-Hoc|Any CPU = Ad-Hoc|Any CPU
		Ad-Hoc|iPhone = Ad-Hoc|iPhone
		Ad-Hoc|iPhoneSimulator = Ad-Hoc|iPhoneSimulator
		AppStore|Any CPU = AppStore|Any CPU
		AppStore|iPhone = AppStore|iPhone
		AppStore|iPhoneSimulator = AppStore|iPhoneSimulator
		Debug|Any CPU = Debug|Any CPU
		Debug|iPhone = Debug|iPhone
		Debug|iPhoneSimulator = Debug|iPhoneSimulator
		Release|Any CPU = Release|Any CPU
		Release|iPhone = Release|iPhone
		Release|iPhoneSimulator = Release|iPhoneSimulator
	EndGlobalSection
	GlobalSection(ProjectConfigurationPlatforms) = postSolution
		{BC7C62E6-7714-45F7-90D3-0EC5B3B16BFC}.Ad-Hoc|Any CPU.ActiveCfg = Release|Any CPU
		{BC7C62E6-7714-45F7-90D3-0EC5B3B16BFC}.Ad-Hoc|Any CPU.Build.0 = Release|Any CPU
		{BC7C62E6-7714-45F7-90D3-0EC5B3B16BFC}.Ad-Hoc|Any CPU.Deploy.0 = Release|Any CPU
		{BC7C62E6-7714-45F7-90D3-0EC5B3B16BFC}.Ad-Hoc|iPhone.ActiveCfg = Release|Any CPU
		{BC7C62E6-7714-45F7-90D3-0EC5B3B16BFC}.Ad-Hoc|iPhone.Build.0 = Release|Any CPU
		{BC7C62E6-7714-45F7-90D3-0EC5B3B16BFC}.Ad-Hoc|iPhone.Deploy.0 = Release|Any CPU
		{BC7C62E6-7714-45F7-90D3-0EC5B3B16BFC}.Ad-Hoc|iPhoneSimulator.ActiveCfg = Release|Any CPU
		{BC7C62E6-7714-45F7-90D3-0EC5B3B16BFC}.Ad-Hoc|iPhoneSimulator.Build.0 = Release|Any CPU
		{BC7C62E6-7714-45F7-90D3-0EC5B3B16BFC}.Ad-Hoc|iPhoneSimulator.Deploy.0 = Release|Any CPU
		{BC7C62E6-7714-45F7-90D3-0EC5B3B16BFC}.AppStore|Any CPU.ActiveCfg = Release|Any CPU
		{BC7C62E6-7714-45F7-90D3-0EC5B3B16BFC}.AppStore|Any CPU.Build.0 = Release|Any CPU
		{BC7C62E6-7714-45F7-90D3-0EC5B3B16BFC}.AppStore|Any CPU.Deploy.0 = Release|Any CPU
		{BC7C62E6-7714-45F7-90D3-0EC5B3B16BFC}.AppStore|iPhone.ActiveCfg = Release|Any CPU
		{BC7C62E6-7714-45F7-90D3-0EC5B3B16BFC}.AppStore|iPhone.Build.0 = Release|Any CPU
		{BC7C62E6-7714-45F7-90D3-0EC5B3B16BFC}.AppStore|iPhone.Deploy.0 = Release|Any CPU
		{BC7C62E6-7714-45F7-90D3-0EC5B3B16BFC}.AppStore|iPhoneSimulator.ActiveCfg = Release|Any CPU
		{BC7C62E6-7714-45F7-90D3-0EC5B3B16BFC}.AppStore|iPhoneSimulator.Build.0 = Release|Any CPU
		{BC7C62E6-7714-45F7-90D3-0EC5B3B16BFC}.AppStore|iPhoneSimulator.Deploy.0 = Release|Any CPU
		{BC7C62E6-7714-45F7-90D3-0EC5B3B16BFC}.Debug|Any CPU.ActiveCfg = Debug|Any CPU
		{BC7C62E6-7714-45F7-90D3-0EC5B3B16BFC}.Debug|Any CPU.Build.0 = Debug|Any CPU
		{BC7C62E6-7714-45F7-90D3-0EC5B3B16BFC}.Debug|Any CPU.Deploy.0 = Debug|Any CPU
		{BC7C62E6-7714-45F7-90D3-0EC5B3B16BFC}.Debug|iPhone.ActiveCfg = Debug|Any CPU
		{BC7C62E6-7714-45F7-90D3-0EC5B3B16BFC}.Debug|iPhone.Build.0 = Debug|Any CPU
		{BC7C62E6-7714-45F7-90D3-0EC5B3B16BFC}.Debug|iPhone.Deploy.0 = Debug|Any CPU
		{BC7C62E6-7714-45F7-90D3-0EC5B3B16BFC}.Debug|iPhoneSimulator.ActiveCfg = Debug|Any CPU
		{BC7C62E6-7714-45F7-90D3-0EC5B3B16BFC}.Debug|iPhoneSimulator.Build.0 = Debug|Any CPU
		{BC7C62E6-7714-45F7-90D3-0EC5B3B16BFC}.Debug|iPhoneSimulator.Deploy.0 = Debug|Any CPU
		{BC7C62E6-7714-45F7-90D3-0EC5B3B16BFC}.Release|Any CPU.ActiveCfg = Release|Any CPU
		{BC7C62E6-7714-45F7-90D3-0EC5B3B16BFC}.Release|Any CPU.Build.0 = Release|Any CPU
		{BC7C62E6-7714-45F7-90D3-0EC5B3B16BFC}.Release|Any CPU.Deploy.0 = Release|Any CPU
		{BC7C62E6-7714-45F7-90D3-0EC5B3B16BFC}.Release|iPhone.ActiveCfg = Release|Any CPU
		{BC7C62E6-7714-45F7-90D3-0EC5B3B16BFC}.Release|iPhone.Build.0 = Release|Any CPU
		{BC7C62E6-7714-45F7-90D3-0EC5B3B16BFC}.Release|iPhone.Deploy.0 = Release|Any CPU
		{BC7C62E6-7714-45F7-90D3-0EC5B3B16BFC}.Release|iPhoneSimulator.ActiveCfg = Release|Any CPU
		{BC7C62E6-7714-45F7-90D3-0EC5B3B16BFC}.Release|iPhoneSimulator.Build.0 = Release|Any CPU
		{BC7C62E6-7714-45F7-90D3-0EC5B3B16BFC}.Release|iPhoneSimulator.Deploy.0 = Release|Any CPU
		{1235C430-E6D3-4A3E-9DD6-E110D34AA489}.Ad-Hoc|Any CPU.ActiveCfg = Ad-Hoc|iPhone
		{1235C430-E6D3-4A3E-9DD6-E110D34AA489}.Ad-Hoc|Any CPU.Build.0 = Ad-Hoc|iPhone
		{1235C430-E6D3-4A3E-9DD6-E110D34AA489}.Ad-Hoc|Any CPU.Deploy.0 = Ad-Hoc|iPhone
		{1235C430-E6D3-4A3E-9DD6-E110D34AA489}.Ad-Hoc|iPhone.ActiveCfg = Ad-Hoc|iPhone
		{1235C430-E6D3-4A3E-9DD6-E110D34AA489}.Ad-Hoc|iPhone.Build.0 = Ad-Hoc|iPhone
		{1235C430-E6D3-4A3E-9DD6-E110D34AA489}.Ad-Hoc|iPhone.Deploy.0 = Ad-Hoc|iPhone
		{1235C430-E6D3-4A3E-9DD6-E110D34AA489}.Ad-Hoc|iPhoneSimulator.ActiveCfg = Ad-Hoc|iPhoneSimulator
		{1235C430-E6D3-4A3E-9DD6-E110D34AA489}.Ad-Hoc|iPhoneSimulator.Build.0 = Ad-Hoc|iPhoneSimulator
		{1235C430-E6D3-4A3E-9DD6-E110D34AA489}.Ad-Hoc|iPhoneSimulator.Deploy.0 = Ad-Hoc|iPhoneSimulator
		{1235C430-E6D3-4A3E-9DD6-E110D34AA489}.AppStore|Any CPU.ActiveCfg = AppStore|iPhone
		{1235C430-E6D3-4A3E-9DD6-E110D34AA489}.AppStore|Any CPU.Build.0 = AppStore|iPhone
		{1235C430-E6D3-4A3E-9DD6-E110D34AA489}.AppStore|Any CPU.Deploy.0 = AppStore|iPhone
		{1235C430-E6D3-4A3E-9DD6-E110D34AA489}.AppStore|iPhone.ActiveCfg = AppStore|iPhone
		{1235C430-E6D3-4A3E-9DD6-E110D34AA489}.AppStore|iPhone.Build.0 = AppStore|iPhone
		{1235C430-E6D3-4A3E-9DD6-E110D34AA489}.AppStore|iPhone.Deploy.0 = AppStore|iPhone
		{1235C430-E6D3-4A3E-9DD6-E110D34AA489}.AppStore|iPhoneSimulator.ActiveCfg = AppStore|iPhoneSimulator
		{1235C430-E6D3-4A3E-9DD6-E110D34AA489}.AppStore|iPhoneSimulator.Build.0 = AppStore|iPhoneSimulator
		{1235C430-E6D3-4A3E-9DD6-E110D34AA489}.AppStore|iPhoneSimulator.Deploy.0 = AppStore|iPhoneSimulator
		{1235C430-E6D3-4A3E-9DD6-E110D34AA489}.Debug|Any CPU.ActiveCfg = Debug|iPhoneSimulator
		{1235C430-E6D3-4A3E-9DD6-E110D34AA489}.Debug|Any CPU.Build.0 = Debug|iPhoneSimulator
		{1235C430-E6D3-4A3E-9DD6-E110D34AA489}.Debug|Any CPU.Deploy.0 = Debug|iPhoneSimulator
		{1235C430-E6D3-4A3E-9DD6-E110D34AA489}.Debug|iPhone.ActiveCfg = Debug|iPhone
		{1235C430-E6D3-4A3E-9DD6-E110D34AA489}.Debug|iPhone.Build.0 = Debug|iPhone
		{1235C430-E6D3-4A3E-9DD6-E110D34AA489}.Debug|iPhone.Deploy.0 = Debug|iPhone
		{1235C430-E6D3-4A3E-9DD6-E110D34AA489}.Debug|iPhoneSimulator.ActiveCfg = Debug|iPhoneSimulator
		{1235C430-E6D3-4A3E-9DD6-E110D34AA489}.Debug|iPhoneSimulator.Build.0 = Debug|iPhoneSimulator
		{1235C430-E6D3-4A3E-9DD6-E110D34AA489}.Debug|iPhoneSimulator.Deploy.0 = Debug|iPhoneSimulator
		{1235C430-E6D3-4A3E-9DD6-E110D34AA489}.Release|Any CPU.ActiveCfg = Release|iPhone
		{1235C430-E6D3-4A3E-9DD6-E110D34AA489}.Release|Any CPU.Build.0 = Release|iPhone
		{1235C430-E6D3-4A3E-9DD6-E110D34AA489}.Release|Any CPU.Deploy.0 = Release|iPhone
		{1235C430-E6D3-4A3E-9DD6-E110D34AA489}.Release|iPhone.ActiveCfg = Release|iPhone
		{1235C430-E6D3-4A3E-9DD6-E110D34AA489}.Release|iPhone.Build.0 = Release|iPhone
		{1235C430-E6D3-4A3E-9DD6-E110D34AA489}.Release|iPhone.Deploy.0 = Release|iPhone
		{1235C430-E6D3-4A3E-9DD6-E110D34AA489}.Release|iPhoneSimulator.ActiveCfg = Release|iPhoneSimulator
		{1235C430-E6D3-4A3E-9DD6-E110D34AA489}.Release|iPhoneSimulator.Build.0 = Release|iPhoneSimulator
		{1235C430-E6D3-4A3E-9DD6-E110D34AA489}.Release|iPhoneSimulator.Deploy.0 = Release|iPhoneSimulator
		{A1A42F7D-A961-4F99-A82F-A1014C88DBFC}.Ad-Hoc|Any CPU.ActiveCfg = Debug|Any CPU
		{A1A42F7D-A961-4F99-A82F-A1014C88DBFC}.Ad-Hoc|Any CPU.Build.0 = Debug|Any CPU
		{A1A42F7D-A961-4F99-A82F-A1014C88DBFC}.Ad-Hoc|Any CPU.Deploy.0 = Debug|Any CPU
		{A1A42F7D-A961-4F99-A82F-A1014C88DBFC}.Ad-Hoc|iPhone.ActiveCfg = Debug|Any CPU
		{A1A42F7D-A961-4F99-A82F-A1014C88DBFC}.Ad-Hoc|iPhone.Build.0 = Debug|Any CPU
		{A1A42F7D-A961-4F99-A82F-A1014C88DBFC}.Ad-Hoc|iPhone.Deploy.0 = Debug|Any CPU
		{A1A42F7D-A961-4F99-A82F-A1014C88DBFC}.Ad-Hoc|iPhoneSimulator.ActiveCfg = Debug|Any CPU
		{A1A42F7D-A961-4F99-A82F-A1014C88DBFC}.Ad-Hoc|iPhoneSimulator.Build.0 = Debug|Any CPU
		{A1A42F7D-A961-4F99-A82F-A1014C88DBFC}.Ad-Hoc|iPhoneSimulator.Deploy.0 = Debug|Any CPU
		{A1A42F7D-A961-4F99-A82F-A1014C88DBFC}.AppStore|Any CPU.ActiveCfg = Debug|Any CPU
		{A1A42F7D-A961-4F99-A82F-A1014C88DBFC}.AppStore|Any CPU.Build.0 = Debug|Any CPU
		{A1A42F7D-A961-4F99-A82F-A1014C88DBFC}.AppStore|Any CPU.Deploy.0 = Debug|Any CPU
		{A1A42F7D-A961-4F99-A82F-A1014C88DBFC}.AppStore|iPhone.ActiveCfg = Debug|Any CPU
		{A1A42F7D-A961-4F99-A82F-A1014C88DBFC}.AppStore|iPhone.Build.0 = Debug|Any CPU
		{A1A42F7D-A961-4F99-A82F-A1014C88DBFC}.AppStore|iPhone.Deploy.0 = Debug|Any CPU
		{A1A42F7D-A961-4F99-A82F-A1014C88DBFC}.AppStore|iPhoneSimulator.ActiveCfg = Debug|Any CPU
		{A1A42F7D-A961-4F99-A82F-A1014C88DBFC}.AppStore|iPhoneSimulator.Build.0 = Debug|Any CPU
		{A1A42F7D-A961-4F99-A82F-A1014C88DBFC}.AppStore|iPhoneSimulator.Deploy.0 = Debug|Any CPU
		{A1A42F7D-A961-4F99-A82F-A1014C88DBFC}.Debug|Any CPU.ActiveCfg = Debug|Any CPU
		{A1A42F7D-A961-4F99-A82F-A1014C88DBFC}.Debug|Any CPU.Build.0 = Debug|Any CPU
		{A1A42F7D-A961-4F99-A82F-A1014C88DBFC}.Debug|Any CPU.Deploy.0 = Debug|Any CPU
		{A1A42F7D-A961-4F99-A82F-A1014C88DBFC}.Debug|iPhone.ActiveCfg = Debug|Any CPU
		{A1A42F7D-A961-4F99-A82F-A1014C88DBFC}.Debug|iPhone.Build.0 = Debug|Any CPU
		{A1A42F7D-A961-4F99-A82F-A1014C88DBFC}.Debug|iPhone.Deploy.0 = Debug|Any CPU
		{A1A42F7D-A961-4F99-A82F-A1014C88DBFC}.Debug|iPhoneSimulator.ActiveCfg = Debug|Any CPU
		{A1A42F7D-A961-4F99-A82F-A1014C88DBFC}.Debug|iPhoneSimulator.Build.0 = Debug|Any CPU
		{A1A42F7D-A961-4F99-A82F-A1014C88DBFC}.Debug|iPhoneSimulator.Deploy.0 = Debug|Any CPU
		{A1A42F7D-A961-4F99-A82F-A1014C88DBFC}.Release|Any CPU.ActiveCfg = Release|Any CPU
		{A1A42F7D-A961-4F99-A82F-A1014C88DBFC}.Release|Any CPU.Build.0 = Release|Any CPU
		{A1A42F7D-A961-4F99-A82F-A1014C88DBFC}.Release|Any CPU.Deploy.0 = Release|Any CPU
		{A1A42F7D-A961-4F99-A82F-A1014C88DBFC}.Release|iPhone.ActiveCfg = Release|Any CPU
		{A1A42F7D-A961-4F99-A82F-A1014C88DBFC}.Release|iPhone.Build.0 = Release|Any CPU
		{A1A42F7D-A961-4F99-A82F-A1014C88DBFC}.Release|iPhone.Deploy.0 = Release|Any CPU
		{A1A42F7D-A961-4F99-A82F-A1014C88DBFC}.Release|iPhoneSimulator.ActiveCfg = Release|Any CPU
		{A1A42F7D-A961-4F99-A82F-A1014C88DBFC}.Release|iPhoneSimulator.Build.0 = Release|Any CPU
		{A1A42F7D-A961-4F99-A82F-A1014C88DBFC}.Release|iPhoneSimulator.Deploy.0 = Release|Any CPU
	EndGlobalSection
	GlobalSection(SolutionProperties) = preSolution
		HideSolutionNode = FALSE
	EndGlobalSection
	GlobalSection(ExtensibilityGlobals) = postSolution
		SolutionGuid = {F6C667AB-1DA2-4CAE-B1BB-695199766C88}
	EndGlobalSection
EndGlobal
