
Microsoft Visual Studio Solution File, Format Version 12.00
# Visual Studio 15
VisualStudioVersion = 15.0.28010.2046
MinimumVisualStudioVersion = 10.0.40219.1
Project("{FAE04EC0-301F-11D3-BF4B-00C04F79EFBC}") = "PortsisSip.iOS", "PortsisSip.iOS.csproj", "{1235C430-E6D3-4A3E-9DD6-E110D34AA489}"
EndProject
Global
	GlobalSection(SolutionConfigurationPlatforms) = preSolution
		Ad-Hoc|iPhone = Ad-Hoc|iPhone
		Ad-Hoc|iPhoneSimulator = Ad-Hoc|iPhoneSimulator
		AppStore|iPhone = AppStore|iPhone
		AppStore|iPhoneSimulator = AppStore|iPhoneSimulator
		Debug|iPhone = Debug|iPhone
		Debug|iPhoneSimulator = Debug|iPhoneSimulator
		Release|iPhone = Release|iPhone
		Release|iPhoneSimulator = Release|iPhoneSimulator
	EndGlobalSection
	GlobalSection(ProjectConfigurationPlatforms) = postSolution
		{1235C430-E6D3-4A3E-9DD6-E110D34AA489}.Ad-Hoc|iPhone.ActiveCfg = Ad-Hoc|iPhone
		{1235C430-E6D3-4A3E-9DD6-E110D34AA489}.Ad-Hoc|iPhone.Build.0 = Ad-Hoc|iPhone
		{1235C430-E6D3-4A3E-9DD6-E110D34AA489}.Ad-Hoc|iPhoneSimulator.ActiveCfg = Ad-Hoc|iPhoneSimulator
		{1235C430-E6D3-4A3E-9DD6-E110D34AA489}.Ad-Hoc|iPhoneSimulator.Build.0 = Ad-Hoc|iPhoneSimulator
		{1235C430-E6D3-4A3E-9DD6-E110D34AA489}.AppStore|iPhone.ActiveCfg = AppStore|iPhone
		{1235C430-E6D3-4A3E-9DD6-E110D34AA489}.AppStore|iPhone.Build.0 = AppStore|iPhone
		{1235C430-E6D3-4A3E-9DD6-E110D34AA489}.AppStore|iPhoneSimulator.ActiveCfg = AppStore|iPhoneSimulator
		{1235C430-E6D3-4A3E-9DD6-E110D34AA489}.AppStore|iPhoneSimulator.Build.0 = AppStore|iPhoneSimulator
		{1235C430-E6D3-4A3E-9DD6-E110D34AA489}.Debug|iPhone.ActiveCfg = Debug|iPhone
		{1235C430-E6D3-4A3E-9DD6-E110D34AA489}.Debug|iPhone.Build.0 = Debug|iPhone
		{1235C430-E6D3-4A3E-9DD6-E110D34AA489}.Debug|iPhoneSimulator.ActiveCfg = Debug|iPhoneSimulator
		{1235C430-E6D3-4A3E-9DD6-E110D34AA489}.Debug|iPhoneSimulator.Build.0 = Debug|iPhoneSimulator
		{1235C430-E6D3-4A3E-9DD6-E110D34AA489}.Release|iPhone.ActiveCfg = Release|iPhone
		{1235C430-E6D3-4A3E-9DD6-E110D34AA489}.Release|iPhone.Build.0 = Release|iPhone
		{1235C430-E6D3-4A3E-9DD6-E110D34AA489}.Release|iPhoneSimulator.ActiveCfg = Release|iPhoneSimulator
		{1235C430-E6D3-4A3E-9DD6-E110D34AA489}.Release|iPhoneSimulator.Build.0 = Release|iPhoneSimulator
	EndGlobalSection
	GlobalSection(SolutionProperties) = preSolution
		HideSolutionNode = FALSE
	EndGlobalSection
	GlobalSection(ExtensibilityGlobals) = postSolution
		SolutionGuid = {59004A06-23B4-4EC2-A4BC-EC8DA8B20E29}
	EndGlobalSection
EndGlobal
